
Microsoft Visual Studio Solution File, Format Version 12.00
# Visual Studio 14
VisualStudioVersion = 14.0.25123.0
MinimumVisualStudioVersion = 10.0.40219.1
Project("{FAE04EC0-301F-11D3-BF4B-00C04F79EFBC}") = "CSharpFundamentals", "CSharpFundamentals\CSharpFundamentals.csproj", "{9324FAA9-CA50-4507-AB2D-4A7692AA75D2}"
EndProject
Project("{FAE04EC0-301F-11D3-BF4B-00C04F79EFBC}") = "HelloWorld", "HelloWorld\HelloWorld.csproj", "{79F60A19-DFEC-4703-A066-AEFD17FE3DA0}"
EndProject
Project("{FAE04EC0-301F-11D3-BF4B-00C04F79EFBC}") = "BasicTypes", "BasicTypes\BasicTypes.csproj", "{2D7A573E-D0D2-490E-9E69-2870FD88A5A9}"
EndProject
Project("{FAE04EC0-301F-11D3-BF4B-00C04F79EFBC}") = "StringExamples", "StringExamples\StringExamples.csproj", "{DBC7DEB3-B8CB-4B99-B89C-17416803125E}"
EndProject
Global
	GlobalSection(SolutionConfigurationPlatforms) = preSolution
		Debug|Any CPU = Debug|Any CPU
		Release|Any CPU = Release|Any CPU
	EndGlobalSection
	GlobalSection(ProjectConfigurationPlatforms) = postSolution
		{9324FAA9-CA50-4507-AB2D-4A7692AA75D2}.Debug|Any CPU.ActiveCfg = Debug|Any CPU
		{9324FAA9-CA50-4507-AB2D-4A7692AA75D2}.Debug|Any CPU.Build.0 = Debug|Any CPU
		{9324FAA9-CA50-4507-AB2D-4A7692AA75D2}.Release|Any CPU.ActiveCfg = Release|Any CPU
		{9324FAA9-CA50-4507-AB2D-4A7692AA75D2}.Release|Any CPU.Build.0 = Release|Any CPU
		{79F60A19-DFEC-4703-A066-AEFD17FE3DA0}.Debug|Any CPU.ActiveCfg = Debug|Any CPU
		{79F60A19-DFEC-4703-A066-AEFD17FE3DA0}.Debug|Any CPU.Build.0 = Debug|Any CPU
		{79F60A19-DFEC-4703-A066-AEFD17FE3DA0}.Release|Any CPU.ActiveCfg = Release|Any CPU
		{79F60A19-DFEC-4703-A066-AEFD17FE3DA0}.Release|Any CPU.Build.0 = Release|Any CPU
		{2D7A573E-D0D2-490E-9E69-2870FD88A5A9}.Debug|Any CPU.ActiveCfg = Debug|Any CPU
		{2D7A573E-D0D2-490E-9E69-2870FD88A5A9}.Debug|Any CPU.Build.0 = Debug|Any CPU
		{2D7A573E-D0D2-490E-9E69-2870FD88A5A9}.Release|Any CPU.ActiveCfg = Release|Any CPU
		{2D7A573E-D0D2-490E-9E69-2870FD88A5A9}.Release|Any CPU.Build.0 = Release|Any CPU
		{DBC7DEB3-B8CB-4B99-B89C-17416803125E}.Debug|Any CPU.ActiveCfg = Debug|Any CPU
		{DBC7DEB3-B8CB-4B99-B89C-17416803125E}.Debug|Any CPU.Build.0 = Debug|Any CPU
		{DBC7DEB3-B8CB-4B99-B89C-17416803125E}.Release|Any CPU.ActiveCfg = Release|Any CPU
		{DBC7DEB3-B8CB-4B99-B89C-17416803125E}.Release|Any CPU.Build.0 = Release|Any CPU
	EndGlobalSection
	GlobalSection(SolutionProperties) = preSolution
		HideSolutionNode = FALSE
	EndGlobalSection
EndGlobal
